// !$*UTF8*$!
{
	archiveVersion = 1;
	classes = {
	};
	objectVersion = 46;
	objects = {

/* Begin PBXBuildFile section */
		4C75640B1ED314420055AE5A /* AppDelegate.swift in Sources */ = {isa = PBXBuildFile; fileRef = 4C75640A1ED314420055AE5A /* AppDelegate.swift */; };
		4C75640D1ED314420055AE5A /* ViewController.swift in Sources */ = {isa = PBXBuildFile; fileRef = 4C75640C1ED314420055AE5A /* ViewController.swift */; };
		4C7564101ED314420055AE5A /* Main.storyboard in Resources */ = {isa = PBXBuildFile; fileRef = 4C75640E1ED314420055AE5A /* Main.storyboard */; };
		4C7564121ED314420055AE5A /* Assets.xcassets in Resources */ = {isa = PBXBuildFile; fileRef = 4C7564111ED314420055AE5A /* Assets.xcassets */; };
		4C7564151ED314420055AE5A /* LaunchScreen.storyboard in Resources */ = {isa = PBXBuildFile; fileRef = 4C7564131ED314420055AE5A /* LaunchScreen.storyboard */; };
		4C7564201ED314420055AE5A /* FantasticViewTests.swift in Sources */ = {isa = PBXBuildFile; fileRef = 4C75641F1ED314420055AE5A /* FantasticViewTests.swift */; };
		4C75642B1ED3145E0055AE5A /* FantasticView.swift in Sources */ = {isa = PBXBuildFile; fileRef = 4C75642A1ED3145E0055AE5A /* FantasticView.swift */; };
/* End PBXBuildFile section */

/* Begin PBXContainerItemProxy section */
		4C75641C1ED314420055AE5A /* PBXContainerItemProxy */ = {
			isa = PBXContainerItemProxy;
			containerPortal = 4C7563FF1ED314420055AE5A /* Project object */;
			proxyType = 1;
			remoteGlobalIDString = 4C7564061ED314420055AE5A;
			remoteInfo = FantasticView;
		};
/* End PBXContainerItemProxy section */

/* Begin PBXFileReference section */
		4C7564071ED314420055AE5A /* FantasticView.app */ = {isa = PBXFileReference; explicitFileType = wrapper.application; includeInIndex = 0; path = FantasticView.app; sourceTree = BUILT_PRODUCTS_DIR; };
		4C75640A1ED314420055AE5A /* AppDelegate.swift */ = {isa = PBXFileReference; lastKnownFileType = sourcecode.swift; path = AppDelegate.swift; sourceTree = "<group>"; };
		4C75640C1ED314420055AE5A /* ViewController.swift */ = {isa = PBXFileReference; lastKnownFileType = sourcecode.swift; path = ViewController.swift; sourceTree = "<group>"; };
		4C75640F1ED314420055AE5A /* Base */ = {isa = PBXFileReference; lastKnownFileType = file.storyboard; name = Base; path = Base.lproj/Main.storyboard; sourceTree = "<group>"; };
		4C7564111ED314420055AE5A /* Assets.xcassets */ = {isa = PBXFileReference; lastKnownFileType = folder.assetcatalog; path = Assets.xcassets; sourceTree = "<group>"; };
		4C7564141ED314420055AE5A /* Base */ = {isa = PBXFileReference; lastKnownFileType = file.storyboard; name = Base; path = Base.lproj/LaunchScreen.storyboard; sourceTree = "<group>"; };
		4C7564161ED314420055AE5A /* Info.plist */ = {isa = PBXFileReference; lastKnownFileType = text.plist.xml; path = Info.plist; sourceTree = "<group>"; };
		4C75641B1ED314420055AE5A /* FantasticViewTests.xctest */ = {isa = PBXFileReference; explicitFileType = wrapper.cfbundle; includeInIndex = 0; path = FantasticViewTests.xctest; sourceTree = BUILT_PRODUCTS_DIR; };
		4C75641F1ED314420055AE5A /* FantasticViewTests.swift */ = {isa = PBXFileReference; lastKnownFileType = sourcecode.swift; path = FantasticViewTests.swift; sourceTree = "<group>"; };
		4C7564211ED314420055AE5A /* Info.plist */ = {isa = PBXFileReference; lastKnownFileType = text.plist.xml; path = Info.plist; sourceTree = "<group>"; };
		4C75642A1ED3145E0055AE5A /* FantasticView.swift */ = {isa = PBXFileReference; fileEncoding = 4; lastKnownFileType = sourcecode.swift; path = FantasticView.swift; sourceTree = "<group>"; };
/* End PBXFileReference section */

/* Begin PBXFrameworksBuildPhase section */
		4C7564041ED314420055AE5A /* Frameworks */ = {
			isa = PBXFrameworksBuildPhase;
			buildActionMask = 2147483647;
			files = (
			);
			runOnlyForDeploymentPostprocessing = 0;
		};
		4C7564181ED314420055AE5A /* Frameworks */ = {
			isa = PBXFrameworksBuildPhase;
			buildActionMask = 2147483647;
			files = (
			);
			runOnlyForDeploymentPostprocessing = 0;
		};
/* End PBXFrameworksBuildPhase section */

/* Begin PBXGroup section */
		4C7563FE1ED314420055AE5A = {
			isa = PBXGroup;
			children = (
				4C7564091ED314420055AE5A /* FantasticView */,
				4C75641E1ED314420055AE5A /* FantasticViewTests */,
				4C7564081ED314420055AE5A /* Products */,
			);
			sourceTree = "<group>";
		};
		4C7564081ED314420055AE5A /* Products */ = {
			isa = PBXGroup;
			children = (
				4C7564071ED314420055AE5A /* FantasticView.app */,
				4C75641B1ED314420055AE5A /* FantasticViewTests.xctest */,
			);
			name = Products;
			sourceTree = "<group>";
		};
		4C7564091ED314420055AE5A /* FantasticView */ = {
			isa = PBXGroup;
			children = (
				4C75640A1ED314420055AE5A /* AppDelegate.swift */,
				4C75640C1ED314420055AE5A /* ViewController.swift */,
				4C75642A1ED3145E0055AE5A /* FantasticView.swift */,
				4C75640E1ED314420055AE5A /* Main.storyboard */,
				4C7564111ED314420055AE5A /* Assets.xcassets */,
				4C7564131ED314420055AE5A /* LaunchScreen.storyboard */,
				4C7564161ED314420055AE5A /* Info.plist */,
			);
			path = FantasticView;
			sourceTree = "<group>";
		};
		4C75641E1ED314420055AE5A /* FantasticViewTests */ = {
			isa = PBXGroup;
			children = (
				4C75641F1ED314420055AE5A /* FantasticViewTests.swift */,
				4C7564211ED314420055AE5A /* Info.plist */,
			);
			path = FantasticViewTests;
			sourceTree = "<group>";
		};
/* End PBXGroup section */

/* Begin PBXNativeTarget section */
		4C7564061ED314420055AE5A /* FantasticView */ = {
			isa = PBXNativeTarget;
			buildConfigurationList = 4C7564241ED314430055AE5A /* Build configuration list for PBXNativeTarget "FantasticView" */;
			buildPhases = (
				4C7564031ED314420055AE5A /* Sources */,
				4C7564041ED314420055AE5A /* Frameworks */,
				4C7564051ED314420055AE5A /* Resources */,
			);
			buildRules = (
			);
			dependencies = (
			);
			name = FantasticView;
			productName = FantasticView;
			productReference = 4C7564071ED314420055AE5A /* FantasticView.app */;
			productType = "com.apple.product-type.application";
		};
		4C75641A1ED314420055AE5A /* FantasticViewTests */ = {
			isa = PBXNativeTarget;
			buildConfigurationList = 4C7564271ED314430055AE5A /* Build configuration list for PBXNativeTarget "FantasticViewTests" */;
			buildPhases = (
				4C7564171ED314420055AE5A /* Sources */,
				4C7564181ED314420055AE5A /* Frameworks */,
				4C7564191ED314420055AE5A /* Resources */,
			);
			buildRules = (
			);
			dependencies = (
				4C75641D1ED314420055AE5A /* PBXTargetDependency */,
			);
			name = FantasticViewTests;
			productName = FantasticViewTests;
			productReference = 4C75641B1ED314420055AE5A /* FantasticViewTests.xctest */;
			productType = "com.apple.product-type.bundle.unit-test";
		};
/* End PBXNativeTarget section */

/* Begin PBXProject section */
		4C7563FF1ED314420055AE5A /* Project object */ = {
			isa = PBXProject;
			attributes = {
				LastSwiftUpdateCheck = 0830;
				LastUpgradeCheck = 0830;
				ORGANIZATIONNAME = "Seth Rininger";
				TargetAttributes = {
					4C7564061ED314420055AE5A = {
						CreatedOnToolsVersion = 8.3.2;
						DevelopmentTeam = 6576K4J973;
						ProvisioningStyle = Automatic;
					};
					4C75641A1ED314420055AE5A = {
						CreatedOnToolsVersion = 8.3.2;
						DevelopmentTeam = 6576K4J973;
						ProvisioningStyle = Automatic;
						TestTargetID = 4C7564061ED314420055AE5A;
					};
				};
			};
			buildConfigurationList = 4C7564021ED314420055AE5A /* Build configuration list for PBXProject "FantasticView" */;
			compatibilityVersion = "Xcode 3.2";
			developmentRegion = English;
			hasScannedForEncodings = 0;
			knownRegions = (
				en,
				Base,
			);
			mainGroup = 4C7563FE1ED314420055AE5A;
			productRefGroup = 4C7564081ED314420055AE5A /* Products */;
			projectDirPath = "";
			projectRoot = "";
			targets = (
				4C7564061ED314420055AE5A /* FantasticView */,
				4C75641A1ED314420055AE5A /* FantasticViewTests */,
			);
		};
/* End PBXProject section */

/* Begin PBXResourcesBuildPhase section */
		4C7564051ED314420055AE5A /* Resources */ = {
			isa = PBXResourcesBuildPhase;
			buildActionMask = 2147483647;
			files = (
				4C7564151ED314420055AE5A /* LaunchScreen.storyboard in Resources */,
				4C7564121ED314420055AE5A /* Assets.xcassets in Resources */,
				4C7564101ED314420055AE5A /* Main.storyboard in Resources */,
			);
			runOnlyForDeploymentPostprocessing = 0;
		};
		4C7564191ED314420055AE5A /* Resources */ = {
			isa = PBXResourcesBuildPhase;
			buildActionMask = 2147483647;
			files = (
			);
			runOnlyForDeploymentPostprocessing = 0;
		};
/* End PBXResourcesBuildPhase section */

/* Begin PBXSourcesBuildPhase section */
		4C7564031ED314420055AE5A /* Sources */ = {
			isa = PBXSourcesBuildPhase;
			buildActionMask = 2147483647;
			files = (
				4C75640D1ED314420055AE5A /* ViewController.swift in Sources */,
				4C75640B1ED314420055AE5A /* AppDelegate.swift in Sources */,
				4C75642B1ED3145E0055AE5A /* FantasticView.swift in Sources */,
			);
			runOnlyForDeploymentPostprocessing = 0;
		};
		4C7564171ED314420055AE5A /* Sources */ = {
			isa = PBXSourcesBuildPhase;
			buildActionMask = 2147483647;
			files = (
				4C7564201ED314420055AE5A /* FantasticViewTests.swift in Sources */,
			);
			runOnlyForDeploymentPostprocessing = 0;
		};
/* End PBXSourcesBuildPhase section */

/* Begin PBXTargetDependency section */
		4C75641D1ED314420055AE5A /* PBXTargetDependency */ = {
			isa = PBXTargetDependency;
			target = 4C7564061ED314420055AE5A /* FantasticView */;
			targetProxy = 4C75641C1ED314420055AE5A /* PBXContainerItemProxy */;
		};
/* End PBXTargetDependency section */

/* Begin PBXVariantGroup section */
		4C75640E1ED314420055AE5A /* Main.storyboard */ = {
			isa = PBXVariantGroup;
			children = (
				4C75640F1ED314420055AE5A /* Base */,
			);
			name = Main.storyboard;
			sourceTree = "<group>";
		};
		4C7564131ED314420055AE5A /* LaunchScreen.storyboard */ = {
			isa = PBXVariantGroup;
			children = (
				4C7564141ED314420055AE5A /* Base */,
			);
			name = LaunchScreen.storyboard;
			sourceTree = "<group>";
		};
/* End PBXVariantGroup section */

/* Begin XCBuildConfiguration section */
		4C7564221ED314430055AE5A /* Debug */ = {
			isa = XCBuildConfiguration;
			buildSettings = {
				ALWAYS_SEARCH_USER_PATHS = NO;
				CLANG_ANALYZER_NONNULL = YES;
				CLANG_ANALYZER_NUMBER_OBJECT_CONVERSION = YES_AGGRESSIVE;
				CLANG_CXX_LANGUAGE_STANDARD = "gnu++0x";
				CLANG_CXX_LIBRARY = "libc++";
				CLANG_ENABLE_MODULES = YES;
				CLANG_ENABLE_OBJC_ARC = YES;
				CLANG_WARN_BOOL_CONVERSION = YES;
				CLANG_WARN_CONSTANT_CONVERSION = YES;
				CLANG_WARN_DIRECT_OBJC_ISA_USAGE = YES_ERROR;
				CLANG_WARN_DOCUMENTATION_COMMENTS = YES;
				CLANG_WARN_EMPTY_BODY = YES;
				CLANG_WARN_ENUM_CONVERSION = YES;
				CLANG_WARN_INFINITE_RECURSION = YES;
				CLANG_WARN_INT_CONVERSION = YES;
				CLANG_WARN_OBJC_ROOT_CLASS = YES_ERROR;
				CLANG_WARN_SUSPICIOUS_MOVE = YES;
				CLANG_WARN_UNREACHABLE_CODE = YES;
				CLANG_WARN__DUPLICATE_METHOD_MATCH = YES;
				"CODE_SIGN_IDENTITY[sdk=iphoneos*]" = "iPhone Developer";
				COPY_PHASE_STRIP = NO;
				DEBUG_INFORMATION_FORMAT = dwarf;
				ENABLE_STRICT_OBJC_MSGSEND = YES;
				ENABLE_TESTABILITY = YES;
				GCC_C_LANGUAGE_STANDARD = gnu99;
				GCC_DYNAMIC_NO_PIC = NO;
				GCC_NO_COMMON_BLOCKS = YES;
				GCC_OPTIMIZATION_LEVEL = 0;
				GCC_PREPROCESSOR_DEFINITIONS = (
					"DEBUG=1",
					"$(inherited)",
				);
				GCC_WARN_64_TO_32_BIT_CONVERSION = YES;
				GCC_WARN_ABOUT_RETURN_TYPE = YES_ERROR;
				GCC_WARN_UNDECLARED_SELECTOR = YES;
				GCC_WARN_UNINITIALIZED_AUTOS = YES_AGGRESSIVE;
				GCC_WARN_UNUSED_FUNCTION = YES;
				GCC_WARN_UNUSED_VARIABLE = YES;
				IPHONEOS_DEPLOYMENT_TARGET = 10.3;
				MTL_ENABLE_DEBUG_INFO = YES;
				ONLY_ACTIVE_ARCH = YES;
				SDKROOT = iphoneos;
				SWIFT_ACTIVE_COMPILATION_CONDITIONS = DEBUG;
				SWIFT_OPTIMIZATION_LEVEL = "-Onone";
				TARGETED_DEVICE_FAMILY = "1,2";
			};
			name = Debug;
		};
		4C7564231ED314430055AE5A /* Release */ = {
			isa = XCBuildConfiguration;
			buildSettings = {
				ALWAYS_SEARCH_USER_PATHS = NO;
				CLANG_ANALYZER_NONNULL = YES;
				CLANG_ANALYZER_NUMBER_OBJECT_CONVERSION = YES_AGGRESSIVE;
				CLANG_CXX_LANGUAGE_STANDARD = "gnu++0x";
				CLANG_CXX_LIBRARY = "libc++";
				CLANG_ENABLE_MODULES = YES;
				CLANG_ENABLE_OBJC_ARC = YES;
				CLANG_WARN_BOOL_CONVERSION = YES;
				CLANG_WARN_CONSTANT_CONVERSION = YES;
				CLANG_WARN_DIRECT_OBJC_ISA_USAGE = YES_ERROR;
				CLANG_WARN_DOCUMENTATION_COMMENTS = YES;
				CLANG_WARN_EMPTY_BODY = YES;
				CLANG_WARN_ENUM_CONVERSION = YES;
				CLANG_WARN_INFINITE_RECURSION = YES;
				CLANG_WARN_INT_CONVERSION = YES;
				CLANG_WARN_OBJC_ROOT_CLASS = YES_ERROR;
				CLANG_WARN_SUSPICIOUS_MOVE = YES;
				CLANG_WARN_UNREACHABLE_CODE = YES;
				CLANG_WARN__DUPLICATE_METHOD_MATCH = YES;
				"CODE_SIGN_IDENTITY[sdk=iphoneos*]" = "iPhone Developer";
				COPY_PHASE_STRIP = NO;
				DEBUG_INFORMATION_FORMAT = "dwarf-with-dsym";
				ENABLE_NS_ASSERTIONS = NO;
				ENABLE_STRICT_OBJC_MSGSEND = YES;
				GCC_C_LANGUAGE_STANDARD = gnu99;
				GCC_NO_COMMON_BLOCKS = YES;
				GCC_WARN_64_TO_32_BIT_CONVERSION = YES;
				GCC_WARN_ABOUT_RETURN_TYPE = YES_ERROR;
				GCC_WARN_UNDECLARED_SELECTOR = YES;
				GCC_WARN_UNINITIALIZED_AUTOS = YES_AGGRESSIVE;
				GCC_WARN_UNUSED_FUNCTION = YES;
				GCC_WARN_UNUSED_VARIABLE = YES;
				IPHONEOS_DEPLOYMENT_TARGET = 10.3;
				MTL_ENABLE_DEBUG_INFO = NO;
				SDKROOT = iphoneos;
				SWIFT_OPTIMIZATION_LEVEL = "-Owholemodule";
				TARGETED_DEVICE_FAMILY = "1,2";
				VALIDATE_PRODUCT = YES;
			};
			name = Release;
		};
		4C7564251ED314430055AE5A /* Debug */ = {
			isa = XCBuildConfiguration;
			buildSettings = {
				ASSETCATALOG_COMPILER_APPICON_NAME = AppIcon;
				DEVELOPMENT_TEAM = 6576K4J973;
				INFOPLIST_FILE = FantasticView/Info.plist;
				LD_RUNPATH_SEARCH_PATHS = "$(inherited) @executable_path/Frameworks";
				PRODUCT_BUNDLE_IDENTIFIER = com.itworks.FantasticView;
				PRODUCT_NAME = "$(TARGET_NAME)";
				SWIFT_VERSION = 3.0;
			};
			name = Debug;
		};
		4C7564261ED314430055AE5A /* Release */ = {
			isa = XCBuildConfiguration;
			buildSettings = {
				ASSETCATALOG_COMPILER_APPICON_NAME = AppIcon;
				DEVELOPMENT_TEAM = 6576K4J973;
				INFOPLIST_FILE = FantasticView/Info.plist;
				LD_RUNPATH_SEARCH_PATHS = "$(inherited) @executable_path/Frameworks";
				PRODUCT_BUNDLE_IDENTIFIER = com.itworks.FantasticView;
				PRODUCT_NAME = "$(TARGET_NAME)";
				SWIFT_VERSION = 3.0;
			};
			name = Release;
		};
		4C7564281ED314430055AE5A /* Debug */ = {
			isa = XCBuildConfiguration;
			buildSettings = {
				ALWAYS_EMBED_SWIFT_STANDARD_LIBRARIES = YES;
				BUNDLE_LOADER = "$(TEST_HOST)";
				DEVELOPMENT_TEAM = 6576K4J973;
				INFOPLIST_FILE = FantasticViewTests/Info.plist;
				LD_RUNPATH_SEARCH_PATHS = "$(inherited) @executable_path/Frameworks @loader_path/Frameworks";
				PRODUCT_BUNDLE_IDENTIFIER = com.itworks.FantasticViewTests;
				PRODUCT_NAME = "$(TARGET_NAME)";
				SWIFT_VERSION = 3.0;
				TEST_HOST = "$(BUILT_PRODUCTS_DIR)/FantasticView.app/FantasticView";
			};
			name = Debug;
		};
		4C7564291ED314430055AE5A /* Release */ = {
			isa = XCBuildConfiguration;
			buildSettings = {
				ALWAYS_EMBED_SWIFT_STANDARD_LIBRARIES = YES;
				BUNDLE_LOADER = "$(TEST_HOST)";
				DEVELOPMENT_TEAM = 6576K4J973;
				INFOPLIST_FILE = FantasticViewTests/Info.plist;
				LD_RUNPATH_SEARCH_PATHS = "$(inherited) @executable_path/Frameworks @loader_path/Frameworks";
				PRODUCT_BUNDLE_IDENTIFIER = com.itworks.FantasticViewTests;
				PRODUCT_NAME = "$(TARGET_NAME)";
				SWIFT_VERSION = 3.0;
				TEST_HOST = "$(BUILT_PRODUCTS_DIR)/FantasticView.app/FantasticView";
			};
			name = Release;
		};
/* End XCBuildConfiguration section */

/* Begin XCConfigurationList section */
		4C7564021ED314420055AE5A /* Build configuration list for PBXProject "FantasticView" */ = {
			isa = XCConfigurationList;
			buildConfigurations = (
				4C7564221ED314430055AE5A /* Debug */,
				4C7564231ED314430055AE5A /* Release */,
			);
			defaultConfigurationIsVisible = 0;
			defaultConfigurationName = Release;
		};
		4C7564241ED314430055AE5A /* Build configuration list for PBXNativeTarget "FantasticView" */ = {
			isa = XCConfigurationList;
			buildConfigurations = (
				4C7564251ED314430055AE5A /* Debug */,
				4C7564261ED314430055AE5A /* Release */,
			);
			defaultConfigurationIsVisible = 0;
		};
		4C7564271ED314430055AE5A /* Build configuration list for PBXNativeTarget "FantasticViewTests" */ = {
			isa = XCConfigurationList;
			buildConfigurations = (
				4C7564281ED314430055AE5A /* Debug */,
				4C7564291ED314430055AE5A /* Release */,
			);
			defaultConfigurationIsVisible = 0;
		};
/* End XCConfigurationList section */
	};
	rootObject = 4C7563FF1ED314420055AE5A /* Project object */;
}
